{
  "name": "DevShop-",
  "lockfileVersion": 2,
  "requires": true,
  "packages": {
    "": {
      "dependencies": {
        "react-suspense-fetch": "^0.3.0"
      }
    },
    "node_modules/react-suspense-fetch": {
      "version": "0.3.0",
      "resolved": "https://registry.npmjs.org/react-suspense-fetch/-/react-suspense-fetch-0.3.0.tgz",
      "integrity": "sha512-o8nTbKyEFW+zFrbSgxfF68uglZBmB+2MwQHXcRzp57Pz21mOhJMzH02WtkgmUgY8QQ28yQoEXFllTAFSLBeoaw=="
    }
  },
  "dependencies": {
    "react-suspense-fetch": {
      "version": "0.3.0",
      "resolved": "https://registry.npmjs.org/react-suspense-fetch/-/react-suspense-fetch-0.3.0.tgz",
      "integrity": "sha512-o8nTbKyEFW+zFrbSgxfF68uglZBmB+2MwQHXcRzp57Pz21mOhJMzH02WtkgmUgY8QQ28yQoEXFllTAFSLBeoaw=="
    }
  }
}
